// !$*UTF8*$!
{
	archiveVersion = 1;
	classes = {
	};
	objectVersion = 56;
	objects = {

/* Begin PBXBuildFile section */
		3118804C2D20A61C00B79FA4 /* AppDelegate.swift in Sources */ = {isa = PBXBuildFile; fileRef = 3118804B2D20A61C00B79FA4 /* AppDelegate.swift */; };
		311880552D20A61E00B79FA4 /* Assets.xcassets in Resources */ = {isa = PBXBuildFile; fileRef = 311880542D20A61E00B79FA4 /* Assets.xcassets */; };
		311880582D20A61E00B79FA4 /* Base in Resources */ = {isa = PBXBuildFile; fileRef = 311880572D20A61E00B79FA4 /* Base */; };
		311880632D20A62000B79FA4 /* RickAndMortyTests.swift in Sources */ = {isa = PBXBuildFile; fileRef = 311880622D20A62000B79FA4 /* RickAndMortyTests.swift */; };
		311880852D20A8FD00B79FA4 /* Configuration.swift in Sources */ = {isa = PBXBuildFile; fileRef = 311880812D20A8FD00B79FA4 /* Configuration.swift */; };
		311880862D20A8FD00B79FA4 /* ConfigurationError.swift in Sources */ = {isa = PBXBuildFile; fileRef = 311880822D20A8FD00B79FA4 /* ConfigurationError.swift */; };
		311880872D20A8FD00B79FA4 /* ConfigurationProtocol.swift in Sources */ = {isa = PBXBuildFile; fileRef = 311880832D20A8FD00B79FA4 /* ConfigurationProtocol.swift */; };
		3118808D2D20A91B00B79FA4 /* NetworkError.swift in Sources */ = {isa = PBXBuildFile; fileRef = 3118808A2D20A91B00B79FA4 /* NetworkError.swift */; };
		3118808E2D20A91B00B79FA4 /* RecipeError.swift in Sources */ = {isa = PBXBuildFile; fileRef = 3118808B2D20A91B00B79FA4 /* RecipeError.swift */; };
		311880922D20A92200B79FA4 /* NetworkService.swift in Sources */ = {isa = PBXBuildFile; fileRef = 3118808F2D20A92200B79FA4 /* NetworkService.swift */; };
		311880932D20A92200B79FA4 /* NetworkServiceProtocol.swift in Sources */ = {isa = PBXBuildFile; fileRef = 311880902D20A92200B79FA4 /* NetworkServiceProtocol.swift */; };
		311880952D20A92F00B79FA4 /* APIRouter.swift in Sources */ = {isa = PBXBuildFile; fileRef = 311880942D20A92F00B79FA4 /* APIRouter.swift */; };
		3118809A2D20A94A00B79FA4 /* RMBaseResponse.swift in Sources */ = {isa = PBXBuildFile; fileRef = 311880972D20A94A00B79FA4 /* RMBaseResponse.swift */; };
		3118809B2D20A94A00B79FA4 /* RMLocationsResponse.swift in Sources */ = {isa = PBXBuildFile; fileRef = 311880982D20A94A00B79FA4 /* RMLocationsResponse.swift */; };
		3118809C2D20A94A00B79FA4 /* RMEpisodesResponse.swift in Sources */ = {isa = PBXBuildFile; fileRef = 311880992D20A94A00B79FA4 /* RMEpisodesResponse.swift */; };
		3118809E2D20A94F00B79FA4 /* RMCharactersResponse.swift in Sources */ = {isa = PBXBuildFile; fileRef = 3118809D2D20A94F00B79FA4 /* RMCharactersResponse.swift */; };
		311880A22D214EA800B79FA4 /* AppUIFactory.swift in Sources */ = {isa = PBXBuildFile; fileRef = 3118809F2D214EA800B79FA4 /* AppUIFactory.swift */; };
		311880A32D214EA800B79FA4 /* TabBarCoordinatorFactory.swift in Sources */ = {isa = PBXBuildFile; fileRef = 311880A02D214EA800B79FA4 /* TabBarCoordinatorFactory.swift */; };
		311880A72D214EB100B79FA4 /* Coordinator.swift in Sources */ = {isa = PBXBuildFile; fileRef = 311880A42D214EB100B79FA4 /* Coordinator.swift */; };
		311880A82D214EB100B79FA4 /* TabCoordinator.swift in Sources */ = {isa = PBXBuildFile; fileRef = 311880A52D214EB100B79FA4 /* TabCoordinator.swift */; };
		311880AF2D21505700B79FA4 /* HomeBuilder.swift in Sources */ = {isa = PBXBuildFile; fileRef = 311880AB2D21505700B79FA4 /* HomeBuilder.swift */; };
		311880B02D21505700B79FA4 /* HomeViewModel.swift in Sources */ = {isa = PBXBuildFile; fileRef = 311880AC2D21505700B79FA4 /* HomeViewModel.swift */; };
		311880B12D21505700B79FA4 /* HomeViewController.swift in Sources */ = {isa = PBXBuildFile; fileRef = 311880AD2D21505700B79FA4 /* HomeViewController.swift */; };
		311880B22D21505700B79FA4 /* HomeContracts.swift in Sources */ = {isa = PBXBuildFile; fileRef = 311880AE2D21505700B79FA4 /* HomeContracts.swift */; };
		311880B72D21508E00B79FA4 /* HomeServiceImpl.swift in Sources */ = {isa = PBXBuildFile; fileRef = 311880B42D21508E00B79FA4 /* HomeServiceImpl.swift */; };
		311880B82D21508E00B79FA4 /* HomeViewService.swift in Sources */ = {isa = PBXBuildFile; fileRef = 311880B52D21508E00B79FA4 /* HomeViewService.swift */; };
		311880BA2D21509200B79FA4 /* ServicesFactory.swift in Sources */ = {isa = PBXBuildFile; fileRef = 311880B92D21509200B79FA4 /* ServicesFactory.swift */; };
		311880BD2D2150BC00B79FA4 /* HomeViewModelTest.swift in Sources */ = {isa = PBXBuildFile; fileRef = 311880BC2D2150BC00B79FA4 /* HomeViewModelTest.swift */; };
		311880C02D21513B00B79FA4 /* MockCharacterDataFactory.swift in Sources */ = {isa = PBXBuildFile; fileRef = 311880BE2D21513B00B79FA4 /* MockCharacterDataFactory.swift */; };
		311880C32D2151C700B79FA4 /* APIRouterTest.swift in Sources */ = {isa = PBXBuildFile; fileRef = 311880C22D2151C700B79FA4 /* APIRouterTest.swift */; };
		311880C72D2154A500B79FA4 /* Alamofire in Frameworks */ = {isa = PBXBuildFile; productRef = 311880C62D2154A500B79FA4 /* Alamofire */; };
		314767682D22B17300305795 /* CharacterDetailViewTest.swift in Sources */ = {isa = PBXBuildFile; fileRef = 314767672D22B17300305795 /* CharacterDetailViewTest.swift */; };
		3147676B2D22B29D00305795 /* EpisodeDetailViewModelTest.swift in Sources */ = {isa = PBXBuildFile; fileRef = 3147676A2D22B29D00305795 /* EpisodeDetailViewModelTest.swift */; };
		3147676E2D22B68100305795 /* EpisodeDetailViewTest.swift in Sources */ = {isa = PBXBuildFile; fileRef = 3147676D2D22B68100305795 /* EpisodeDetailViewTest.swift */; };
		314767712D22BA4D00305795 /* RMStatusEnumTest.swift in Sources */ = {isa = PBXBuildFile; fileRef = 314767702D22BA4D00305795 /* RMStatusEnumTest.swift */; };
		314767732D22BDBC00305795 /* EpisodeBuilderTest.swift in Sources */ = {isa = PBXBuildFile; fileRef = 314767722D22BDBC00305795 /* EpisodeBuilderTest.swift */; };
		314767772D22BEE700305795 /* EpisodeDetailBuilderTest.swift in Sources */ = {isa = PBXBuildFile; fileRef = 314767762D22BEE700305795 /* EpisodeDetailBuilderTest.swift */; };
		314767792D22BF9500305795 /* RMCharacterStatusCollectionViewCellTest.swift in Sources */ = {isa = PBXBuildFile; fileRef = 314767782D22BF9500305795 /* RMCharacterStatusCollectionViewCellTest.swift */; };
		3147677B2D22C04400305795 /* RMCharacterStatusCollectionViewTest.swift in Sources */ = {isa = PBXBuildFile; fileRef = 3147677A2D22C04400305795 /* RMCharacterStatusCollectionViewTest.swift */; };
		3147677D2D22C49C00305795 /* HomeViewControllerTest.swift in Sources */ = {isa = PBXBuildFile; fileRef = 3147677C2D22C49C00305795 /* HomeViewControllerTest.swift */; };
		314767802D22C77E00305795 /* TabBarCoordinatorFactoryTests.swift in Sources */ = {isa = PBXBuildFile; fileRef = 3147677F2D22C77E00305795 /* TabBarCoordinatorFactoryTests.swift */; };
		314767822D22C88800305795 /* LocationsBuilderTests.swift in Sources */ = {isa = PBXBuildFile; fileRef = 314767812D22C88800305795 /* LocationsBuilderTests.swift */; };
		314767842D22C92200305795 /* HomeViewServiceTests.swift in Sources */ = {isa = PBXBuildFile; fileRef = 314767832D22C92200305795 /* HomeViewServiceTests.swift */; };
		314767862D22CADD00305795 /* LocationsViewServiceTests.swift in Sources */ = {isa = PBXBuildFile; fileRef = 314767852D22CADD00305795 /* LocationsViewServiceTests.swift */; };
		314767882D22CB9700305795 /* EpisodesViewServiceTests.swift in Sources */ = {isa = PBXBuildFile; fileRef = 314767872D22CB9700305795 /* EpisodesViewServiceTests.swift */; };
		3147678A2D22CBF700305795 /* CharacterDetailViewServiceTests.swift in Sources */ = {isa = PBXBuildFile; fileRef = 314767892D22CBF700305795 /* CharacterDetailViewServiceTests.swift */; };
		3147678C2D22CD1E00305795 /* EpisodeDetailServiceTests.swift in Sources */ = {isa = PBXBuildFile; fileRef = 3147678B2D22CD1E00305795 /* EpisodeDetailServiceTests.swift */; };
		3147678E2D22CDC700305795 /* RMCharacterCarouselViewCellTests.swift in Sources */ = {isa = PBXBuildFile; fileRef = 3147678D2D22CDC700305795 /* RMCharacterCarouselViewCellTests.swift */; };
		315694C02D219DAB0032F3AF /* HomeBuilderTest.swift in Sources */ = {isa = PBXBuildFile; fileRef = 315694BF2D219DAB0032F3AF /* HomeBuilderTest.swift */; };
		315694C32D219F1F0032F3AF /* RMListCollectionViewCell.swift in Sources */ = {isa = PBXBuildFile; fileRef = 315694C22D219F1F0032F3AF /* RMListCollectionViewCell.swift */; };
		315694C62D21A2540032F3AF /* Kingfisher in Frameworks */ = {isa = PBXBuildFile; productRef = 315694C52D21A2540032F3AF /* Kingfisher */; };
		315694CD2D21A2AC0032F3AF /* RMListTitleView.swift in Sources */ = {isa = PBXBuildFile; fileRef = 315694CC2D21A2AC0032F3AF /* RMListTitleView.swift */; };
		315694D12D21A63C0032F3AF /* RMListCollectionViewCellTest.swift in Sources */ = {isa = PBXBuildFile; fileRef = 315694D02D21A63C0032F3AF /* RMListCollectionViewCellTest.swift */; };
		315694D52D21A7450032F3AF /* RMListTitleViewTest.swift in Sources */ = {isa = PBXBuildFile; fileRef = 315694D42D21A7450032F3AF /* RMListTitleViewTest.swift */; };
		315694D82D21A83D0032F3AF /* EpisodesContracts.swift in Sources */ = {isa = PBXBuildFile; fileRef = 315694D72D21A83D0032F3AF /* EpisodesContracts.swift */; };
		315694DA2D21A84E0032F3AF /* EpisodesBuilder.swift in Sources */ = {isa = PBXBuildFile; fileRef = 315694D92D21A84E0032F3AF /* EpisodesBuilder.swift */; };
		315694DC2D21A8550032F3AF /* EpisodesViewController.swift in Sources */ = {isa = PBXBuildFile; fileRef = 315694DB2D21A8550032F3AF /* EpisodesViewController.swift */; };
		315694DE2D21A85B0032F3AF /* EpisodesViewModel.swift in Sources */ = {isa = PBXBuildFile; fileRef = 315694DD2D21A85B0032F3AF /* EpisodesViewModel.swift */; };
		315694E12D21A8A80032F3AF /* EpisodesViewService.swift in Sources */ = {isa = PBXBuildFile; fileRef = 315694E02D21A8A80032F3AF /* EpisodesViewService.swift */; };
		315694E32D21A8C30032F3AF /* EpisodesViewServiceImpl.swift in Sources */ = {isa = PBXBuildFile; fileRef = 315694E22D21A8C30032F3AF /* EpisodesViewServiceImpl.swift */; };
		31CF810B2D21AE4A00387153 /* RMEpisodesTableViewCell.swift in Sources */ = {isa = PBXBuildFile; fileRef = 31CF810A2D21AE4A00387153 /* RMEpisodesTableViewCell.swift */; };
		31CF81102D21B1DA00387153 /* RMEpisodesTableViewCellTest.swift in Sources */ = {isa = PBXBuildFile; fileRef = 31CF810F2D21B1DA00387153 /* RMEpisodesTableViewCellTest.swift */; };
		31CF81122D21B31800387153 /* EpisodesViewModelTest.swift in Sources */ = {isa = PBXBuildFile; fileRef = 31CF81112D21B31800387153 /* EpisodesViewModelTest.swift */; };
		31CF81162D21B7FF00387153 /* LocationsViewService.swift in Sources */ = {isa = PBXBuildFile; fileRef = 31CF81152D21B7FF00387153 /* LocationsViewService.swift */; };
		31CF81182D21B80700387153 /* LocationsViewServiceImpl.swift in Sources */ = {isa = PBXBuildFile; fileRef = 31CF81172D21B80700387153 /* LocationsViewServiceImpl.swift */; };
		31CF811A2D21B88100387153 /* LocationsContracts.swift in Sources */ = {isa = PBXBuildFile; fileRef = 31CF81192D21B88100387153 /* LocationsContracts.swift */; };
		31CF811C2D21B8BA00387153 /* LocationsViewModel.swift in Sources */ = {isa = PBXBuildFile; fileRef = 31CF811B2D21B8BA00387153 /* LocationsViewModel.swift */; };
		31CF811E2D21B90000387153 /* LocationsBuilder.swift in Sources */ = {isa = PBXBuildFile; fileRef = 31CF811D2D21B90000387153 /* LocationsBuilder.swift */; };
		31CF81202D21B90D00387153 /* LocationsViewController.swift in Sources */ = {isa = PBXBuildFile; fileRef = 31CF811F2D21B90D00387153 /* LocationsViewController.swift */; };
		31CF81232D21BA4300387153 /* RMLocationTableViewCell.swift in Sources */ = {isa = PBXBuildFile; fileRef = 31CF81222D21BA4300387153 /* RMLocationTableViewCell.swift */; };
		31CF81262D21BBEE00387153 /* LocationsViewModelTest.swift in Sources */ = {isa = PBXBuildFile; fileRef = 31CF81252D21BBEE00387153 /* LocationsViewModelTest.swift */; };
		31CF81292D21BD8700387153 /* RMLocationTableViewCellTest.swift in Sources */ = {isa = PBXBuildFile; fileRef = 31CF81282D21BD8700387153 /* RMLocationTableViewCellTest.swift */; };
		31CF812C2D21C40D00387153 /* CharacterDetailContracts.swift in Sources */ = {isa = PBXBuildFile; fileRef = 31CF812B2D21C40D00387153 /* CharacterDetailContracts.swift */; };
		31CF812E2D21C47800387153 /* CharacterDetailViewModel.swift in Sources */ = {isa = PBXBuildFile; fileRef = 31CF812D2D21C47800387153 /* CharacterDetailViewModel.swift */; };
		31CF81302D21C48600387153 /* CharacterDetailViewController.swift in Sources */ = {isa = PBXBuildFile; fileRef = 31CF812F2D21C48600387153 /* CharacterDetailViewController.swift */; };
		31CF81322D21C51900387153 /* CharacterDetailBuilder.swift in Sources */ = {isa = PBXBuildFile; fileRef = 31CF81312D21C51900387153 /* CharacterDetailBuilder.swift */; };
		31CF81352D21C5BE00387153 /* CharacterDetailService.swift in Sources */ = {isa = PBXBuildFile; fileRef = 31CF81342D21C5BE00387153 /* CharacterDetailService.swift */; };
		31CF81372D21C5C900387153 /* CharacterDetailServiceImpl.swift in Sources */ = {isa = PBXBuildFile; fileRef = 31CF81362D21C5C900387153 /* CharacterDetailServiceImpl.swift */; };
		31CF813A2D21CD5000387153 /* CharacterDetailView.swift in Sources */ = {isa = PBXBuildFile; fileRef = 31CF81392D21CD5000387153 /* CharacterDetailView.swift */; };
		31CF813C2D21D06600387153 /* RMLoadingView.swift in Sources */ = {isa = PBXBuildFile; fileRef = 31CF813B2D21D06600387153 /* RMLoadingView.swift */; };
		31CF813F2D21D51200387153 /* EpisodeDetailContracts.swift in Sources */ = {isa = PBXBuildFile; fileRef = 31CF813E2D21D51200387153 /* EpisodeDetailContracts.swift */; };
		31CF81412D21D57300387153 /* EpisodeDetailViewModel.swift in Sources */ = {isa = PBXBuildFile; fileRef = 31CF81402D21D57300387153 /* EpisodeDetailViewModel.swift */; };
		31CF81432D21D59500387153 /* EpisodeDetailViewController.swift in Sources */ = {isa = PBXBuildFile; fileRef = 31CF81422D21D59500387153 /* EpisodeDetailViewController.swift */; };
		31CF81452D21D5DD00387153 /* EpisodeDetailBuilder.swift in Sources */ = {isa = PBXBuildFile; fileRef = 31CF81442D21D5DD00387153 /* EpisodeDetailBuilder.swift */; };
		31CF81482D21D65200387153 /* EpisodeDetailService.swift in Sources */ = {isa = PBXBuildFile; fileRef = 31CF81472D21D65200387153 /* EpisodeDetailService.swift */; };
		31CF814A2D21D65C00387153 /* EpisodeDetailServiceImpl.swift in Sources */ = {isa = PBXBuildFile; fileRef = 31CF81492D21D65C00387153 /* EpisodeDetailServiceImpl.swift */; };
		31CF814D2D21D86700387153 /* EpisodeDetailView.swift in Sources */ = {isa = PBXBuildFile; fileRef = 31CF814C2D21D86700387153 /* EpisodeDetailView.swift */; };
		31CF814F2D21DDF600387153 /* RMCharacterCarouselViewCell.swift in Sources */ = {isa = PBXBuildFile; fileRef = 31CF814E2D21DDF600387153 /* RMCharacterCarouselViewCell.swift */; };
		31CF81522D21E8CD00387153 /* RMStatusEnum.swift in Sources */ = {isa = PBXBuildFile; fileRef = 31CF81512D21E8CD00387153 /* RMStatusEnum.swift */; };
		31CF81552D21EABE00387153 /* RMCharacterStatusCollectionViewCell.swift in Sources */ = {isa = PBXBuildFile; fileRef = 31CF81542D21EABE00387153 /* RMCharacterStatusCollectionViewCell.swift */; };
		31CF81572D21EB5F00387153 /* RMCharacterStatusCollectionView.swift in Sources */ = {isa = PBXBuildFile; fileRef = 31CF81562D21EB5F00387153 /* RMCharacterStatusCollectionView.swift */; };
		31CF815A2D21F88000387153 /* CharacterDetailViewModelTest.swift in Sources */ = {isa = PBXBuildFile; fileRef = 31CF81592D21F88000387153 /* CharacterDetailViewModelTest.swift */; };
		31CF815C2D21FB1700387153 /* CharacterDetailBuilderTest.swift in Sources */ = {isa = PBXBuildFile; fileRef = 31CF815B2D21FB1700387153 /* CharacterDetailBuilderTest.swift */; };
/* End PBXBuildFile section */

/* Begin PBXContainerItemProxy section */
		3118805F2D20A62000B79FA4 /* PBXContainerItemProxy */ = {
			isa = PBXContainerItemProxy;
			containerPortal = 311880402D20A61C00B79FA4 /* Project object */;
			proxyType = 1;
			remoteGlobalIDString = 311880472D20A61C00B79FA4;
			remoteInfo = RickAndMorty;
		};
/* End PBXContainerItemProxy section */

/* Begin PBXFileReference section */
		311880482D20A61C00B79FA4 /* RickAndMorty.app */ = {isa = PBXFileReference; explicitFileType = wrapper.application; includeInIndex = 0; path = RickAndMorty.app; sourceTree = BUILT_PRODUCTS_DIR; };
		3118804B2D20A61C00B79FA4 /* AppDelegate.swift */ = {isa = PBXFileReference; lastKnownFileType = sourcecode.swift; path = AppDelegate.swift; sourceTree = "<group>"; };
		311880542D20A61E00B79FA4 /* Assets.xcassets */ = {isa = PBXFileReference; lastKnownFileType = folder.assetcatalog; path = Assets.xcassets; sourceTree = "<group>"; };
		311880572D20A61E00B79FA4 /* Base */ = {isa = PBXFileReference; lastKnownFileType = file.storyboard; name = Base; path = Base.lproj/LaunchScreen.storyboard; sourceTree = "<group>"; };
		311880592D20A61E00B79FA4 /* Info.plist */ = {isa = PBXFileReference; lastKnownFileType = text.plist.xml; path = Info.plist; sourceTree = "<group>"; };
		3118805E2D20A62000B79FA4 /* RickAndMortyTests.xctest */ = {isa = PBXFileReference; explicitFileType = wrapper.cfbundle; includeInIndex = 0; path = RickAndMortyTests.xctest; sourceTree = BUILT_PRODUCTS_DIR; };
		311880622D20A62000B79FA4 /* RickAndMortyTests.swift */ = {isa = PBXFileReference; lastKnownFileType = sourcecode.swift; path = RickAndMortyTests.swift; sourceTree = "<group>"; };
		3118807B2D20A67100B79FA4 /* RickAndMorty.xctestplan */ = {isa = PBXFileReference; lastKnownFileType = text; path = RickAndMorty.xctestplan; sourceTree = "<group>"; };
		311880812D20A8FD00B79FA4 /* Configuration.swift */ = {isa = PBXFileReference; fileEncoding = 4; lastKnownFileType = sourcecode.swift; path = Configuration.swift; sourceTree = "<group>"; };
		311880822D20A8FD00B79FA4 /* ConfigurationError.swift */ = {isa = PBXFileReference; fileEncoding = 4; lastKnownFileType = sourcecode.swift; path = ConfigurationError.swift; sourceTree = "<group>"; };
		311880832D20A8FD00B79FA4 /* ConfigurationProtocol.swift */ = {isa = PBXFileReference; fileEncoding = 4; lastKnownFileType = sourcecode.swift; path = ConfigurationProtocol.swift; sourceTree = "<group>"; };
		3118808A2D20A91B00B79FA4 /* NetworkError.swift */ = {isa = PBXFileReference; fileEncoding = 4; lastKnownFileType = sourcecode.swift; path = NetworkError.swift; sourceTree = "<group>"; };
		3118808B2D20A91B00B79FA4 /* RecipeError.swift */ = {isa = PBXFileReference; fileEncoding = 4; lastKnownFileType = sourcecode.swift; path = RecipeError.swift; sourceTree = "<group>"; };
		3118808F2D20A92200B79FA4 /* NetworkService.swift */ = {isa = PBXFileReference; fileEncoding = 4; lastKnownFileType = sourcecode.swift; path = NetworkService.swift; sourceTree = "<group>"; };
		311880902D20A92200B79FA4 /* NetworkServiceProtocol.swift */ = {isa = PBXFileReference; fileEncoding = 4; lastKnownFileType = sourcecode.swift; path = NetworkServiceProtocol.swift; sourceTree = "<group>"; };
		311880942D20A92F00B79FA4 /* APIRouter.swift */ = {isa = PBXFileReference; fileEncoding = 4; lastKnownFileType = sourcecode.swift; path = APIRouter.swift; sourceTree = "<group>"; };
		311880972D20A94A00B79FA4 /* RMBaseResponse.swift */ = {isa = PBXFileReference; fileEncoding = 4; lastKnownFileType = sourcecode.swift; path = RMBaseResponse.swift; sourceTree = "<group>"; };
		311880982D20A94A00B79FA4 /* RMLocationsResponse.swift */ = {isa = PBXFileReference; fileEncoding = 4; lastKnownFileType = sourcecode.swift; path = RMLocationsResponse.swift; sourceTree = "<group>"; };
		311880992D20A94A00B79FA4 /* RMEpisodesResponse.swift */ = {isa = PBXFileReference; fileEncoding = 4; lastKnownFileType = sourcecode.swift; path = RMEpisodesResponse.swift; sourceTree = "<group>"; };
		3118809D2D20A94F00B79FA4 /* RMCharactersResponse.swift */ = {isa = PBXFileReference; fileEncoding = 4; lastKnownFileType = sourcecode.swift; path = RMCharactersResponse.swift; sourceTree = "<group>"; };
		3118809F2D214EA800B79FA4 /* AppUIFactory.swift */ = {isa = PBXFileReference; fileEncoding = 4; lastKnownFileType = sourcecode.swift; path = AppUIFactory.swift; sourceTree = "<group>"; };
		311880A02D214EA800B79FA4 /* TabBarCoordinatorFactory.swift */ = {isa = PBXFileReference; fileEncoding = 4; lastKnownFileType = sourcecode.swift; path = TabBarCoordinatorFactory.swift; sourceTree = "<group>"; };
		311880A42D214EB100B79FA4 /* Coordinator.swift */ = {isa = PBXFileReference; fileEncoding = 4; lastKnownFileType = sourcecode.swift; path = Coordinator.swift; sourceTree = "<group>"; };
		311880A52D214EB100B79FA4 /* TabCoordinator.swift */ = {isa = PBXFileReference; fileEncoding = 4; lastKnownFileType = sourcecode.swift; path = TabCoordinator.swift; sourceTree = "<group>"; };
		311880AB2D21505700B79FA4 /* HomeBuilder.swift */ = {isa = PBXFileReference; fileEncoding = 4; lastKnownFileType = sourcecode.swift; path = HomeBuilder.swift; sourceTree = "<group>"; };
		311880AC2D21505700B79FA4 /* HomeViewModel.swift */ = {isa = PBXFileReference; fileEncoding = 4; lastKnownFileType = sourcecode.swift; path = HomeViewModel.swift; sourceTree = "<group>"; };
		311880AD2D21505700B79FA4 /* HomeViewController.swift */ = {isa = PBXFileReference; fileEncoding = 4; lastKnownFileType = sourcecode.swift; path = HomeViewController.swift; sourceTree = "<group>"; };
		311880AE2D21505700B79FA4 /* HomeContracts.swift */ = {isa = PBXFileReference; fileEncoding = 4; lastKnownFileType = sourcecode.swift; path = HomeContracts.swift; sourceTree = "<group>"; };
		311880B42D21508E00B79FA4 /* HomeServiceImpl.swift */ = {isa = PBXFileReference; fileEncoding = 4; lastKnownFileType = sourcecode.swift; path = HomeServiceImpl.swift; sourceTree = "<group>"; };
		311880B52D21508E00B79FA4 /* HomeViewService.swift */ = {isa = PBXFileReference; fileEncoding = 4; lastKnownFileType = sourcecode.swift; path = HomeViewService.swift; sourceTree = "<group>"; };
		311880B92D21509200B79FA4 /* ServicesFactory.swift */ = {isa = PBXFileReference; fileEncoding = 4; lastKnownFileType = sourcecode.swift; path = ServicesFactory.swift; sourceTree = "<group>"; };
		311880BC2D2150BC00B79FA4 /* HomeViewModelTest.swift */ = {isa = PBXFileReference; lastKnownFileType = sourcecode.swift; path = HomeViewModelTest.swift; sourceTree = "<group>"; };
		311880BE2D21513B00B79FA4 /* MockCharacterDataFactory.swift */ = {isa = PBXFileReference; fileEncoding = 4; lastKnownFileType = sourcecode.swift; path = MockCharacterDataFactory.swift; sourceTree = "<group>"; };
		311880C22D2151C700B79FA4 /* APIRouterTest.swift */ = {isa = PBXFileReference; lastKnownFileType = sourcecode.swift; path = APIRouterTest.swift; sourceTree = "<group>"; };
		314767672D22B17300305795 /* CharacterDetailViewTest.swift */ = {isa = PBXFileReference; lastKnownFileType = sourcecode.swift; path = CharacterDetailViewTest.swift; sourceTree = "<group>"; };
		3147676A2D22B29D00305795 /* EpisodeDetailViewModelTest.swift */ = {isa = PBXFileReference; lastKnownFileType = sourcecode.swift; path = EpisodeDetailViewModelTest.swift; sourceTree = "<group>"; };
		3147676D2D22B68100305795 /* EpisodeDetailViewTest.swift */ = {isa = PBXFileReference; lastKnownFileType = sourcecode.swift; path = EpisodeDetailViewTest.swift; sourceTree = "<group>"; };
		314767702D22BA4D00305795 /* RMStatusEnumTest.swift */ = {isa = PBXFileReference; lastKnownFileType = sourcecode.swift; path = RMStatusEnumTest.swift; sourceTree = "<group>"; };
		314767722D22BDBC00305795 /* EpisodeBuilderTest.swift */ = {isa = PBXFileReference; lastKnownFileType = sourcecode.swift; path = EpisodeBuilderTest.swift; sourceTree = "<group>"; };
		314767762D22BEE700305795 /* EpisodeDetailBuilderTest.swift */ = {isa = PBXFileReference; lastKnownFileType = sourcecode.swift; path = EpisodeDetailBuilderTest.swift; sourceTree = "<group>"; };
		314767782D22BF9500305795 /* RMCharacterStatusCollectionViewCellTest.swift */ = {isa = PBXFileReference; lastKnownFileType = sourcecode.swift; path = RMCharacterStatusCollectionViewCellTest.swift; sourceTree = "<group>"; };
		3147677A2D22C04400305795 /* RMCharacterStatusCollectionViewTest.swift */ = {isa = PBXFileReference; lastKnownFileType = sourcecode.swift; path = RMCharacterStatusCollectionViewTest.swift; sourceTree = "<group>"; };
		3147677C2D22C49C00305795 /* HomeViewControllerTest.swift */ = {isa = PBXFileReference; lastKnownFileType = sourcecode.swift; path = HomeViewControllerTest.swift; sourceTree = "<group>"; };
		3147677F2D22C77E00305795 /* TabBarCoordinatorFactoryTests.swift */ = {isa = PBXFileReference; lastKnownFileType = sourcecode.swift; path = TabBarCoordinatorFactoryTests.swift; sourceTree = "<group>"; };
		314767812D22C88800305795 /* LocationsBuilderTests.swift */ = {isa = PBXFileReference; lastKnownFileType = sourcecode.swift; path = LocationsBuilderTests.swift; sourceTree = "<group>"; };
		314767832D22C92200305795 /* HomeViewServiceTests.swift */ = {isa = PBXFileReference; lastKnownFileType = sourcecode.swift; path = HomeViewServiceTests.swift; sourceTree = "<group>"; };
		314767852D22CADD00305795 /* LocationsViewServiceTests.swift */ = {isa = PBXFileReference; lastKnownFileType = sourcecode.swift; path = LocationsViewServiceTests.swift; sourceTree = "<group>"; };
		314767872D22CB9700305795 /* EpisodesViewServiceTests.swift */ = {isa = PBXFileReference; lastKnownFileType = sourcecode.swift; path = EpisodesViewServiceTests.swift; sourceTree = "<group>"; };
		314767892D22CBF700305795 /* CharacterDetailViewServiceTests.swift */ = {isa = PBXFileReference; lastKnownFileType = sourcecode.swift; path = CharacterDetailViewServiceTests.swift; sourceTree = "<group>"; };
		3147678B2D22CD1E00305795 /* EpisodeDetailServiceTests.swift */ = {isa = PBXFileReference; lastKnownFileType = sourcecode.swift; path = EpisodeDetailServiceTests.swift; sourceTree = "<group>"; };
		3147678D2D22CDC700305795 /* RMCharacterCarouselViewCellTests.swift */ = {isa = PBXFileReference; lastKnownFileType = sourcecode.swift; path = RMCharacterCarouselViewCellTests.swift; sourceTree = "<group>"; };
		315694BF2D219DAB0032F3AF /* HomeBuilderTest.swift */ = {isa = PBXFileReference; lastKnownFileType = sourcecode.swift; path = HomeBuilderTest.swift; sourceTree = "<group>"; };
		315694C22D219F1F0032F3AF /* RMListCollectionViewCell.swift */ = {isa = PBXFileReference; lastKnownFileType = sourcecode.swift; path = RMListCollectionViewCell.swift; sourceTree = "<group>"; };
		315694CC2D21A2AC0032F3AF /* RMListTitleView.swift */ = {isa = PBXFileReference; lastKnownFileType = sourcecode.swift; path = RMListTitleView.swift; sourceTree = "<group>"; };
		315694D02D21A63C0032F3AF /* RMListCollectionViewCellTest.swift */ = {isa = PBXFileReference; lastKnownFileType = sourcecode.swift; path = RMListCollectionViewCellTest.swift; sourceTree = "<group>"; };
		315694D42D21A7450032F3AF /* RMListTitleViewTest.swift */ = {isa = PBXFileReference; lastKnownFileType = sourcecode.swift; path = RMListTitleViewTest.swift; sourceTree = "<group>"; };
		315694D72D21A83D0032F3AF /* EpisodesContracts.swift */ = {isa = PBXFileReference; lastKnownFileType = sourcecode.swift; path = EpisodesContracts.swift; sourceTree = "<group>"; };
		315694D92D21A84E0032F3AF /* EpisodesBuilder.swift */ = {isa = PBXFileReference; lastKnownFileType = sourcecode.swift; path = EpisodesBuilder.swift; sourceTree = "<group>"; };
		315694DB2D21A8550032F3AF /* EpisodesViewController.swift */ = {isa = PBXFileReference; lastKnownFileType = sourcecode.swift; path = EpisodesViewController.swift; sourceTree = "<group>"; };
		315694DD2D21A85B0032F3AF /* EpisodesViewModel.swift */ = {isa = PBXFileReference; lastKnownFileType = sourcecode.swift; path = EpisodesViewModel.swift; sourceTree = "<group>"; };
		315694E02D21A8A80032F3AF /* EpisodesViewService.swift */ = {isa = PBXFileReference; lastKnownFileType = sourcecode.swift; path = EpisodesViewService.swift; sourceTree = "<group>"; };
		315694E22D21A8C30032F3AF /* EpisodesViewServiceImpl.swift */ = {isa = PBXFileReference; lastKnownFileType = sourcecode.swift; path = EpisodesViewServiceImpl.swift; sourceTree = "<group>"; };
		31CF810A2D21AE4A00387153 /* RMEpisodesTableViewCell.swift */ = {isa = PBXFileReference; lastKnownFileType = sourcecode.swift; path = RMEpisodesTableViewCell.swift; sourceTree = "<group>"; };
		31CF810F2D21B1DA00387153 /* RMEpisodesTableViewCellTest.swift */ = {isa = PBXFileReference; lastKnownFileType = sourcecode.swift; path = RMEpisodesTableViewCellTest.swift; sourceTree = "<group>"; };
		31CF81112D21B31800387153 /* EpisodesViewModelTest.swift */ = {isa = PBXFileReference; lastKnownFileType = sourcecode.swift; path = EpisodesViewModelTest.swift; sourceTree = "<group>"; };
		31CF81152D21B7FF00387153 /* LocationsViewService.swift */ = {isa = PBXFileReference; lastKnownFileType = sourcecode.swift; path = LocationsViewService.swift; sourceTree = "<group>"; };
		31CF81172D21B80700387153 /* LocationsViewServiceImpl.swift */ = {isa = PBXFileReference; lastKnownFileType = sourcecode.swift; path = LocationsViewServiceImpl.swift; sourceTree = "<group>"; };
		31CF81192D21B88100387153 /* LocationsContracts.swift */ = {isa = PBXFileReference; lastKnownFileType = sourcecode.swift; path = LocationsContracts.swift; sourceTree = "<group>"; };
		31CF811B2D21B8BA00387153 /* LocationsViewModel.swift */ = {isa = PBXFileReference; lastKnownFileType = sourcecode.swift; path = LocationsViewModel.swift; sourceTree = "<group>"; };
		31CF811D2D21B90000387153 /* LocationsBuilder.swift */ = {isa = PBXFileReference; lastKnownFileType = sourcecode.swift; path = LocationsBuilder.swift; sourceTree = "<group>"; };
		31CF811F2D21B90D00387153 /* LocationsViewController.swift */ = {isa = PBXFileReference; lastKnownFileType = sourcecode.swift; path = LocationsViewController.swift; sourceTree = "<group>"; };
		31CF81222D21BA4300387153 /* RMLocationTableViewCell.swift */ = {isa = PBXFileReference; lastKnownFileType = sourcecode.swift; path = RMLocationTableViewCell.swift; sourceTree = "<group>"; };
		31CF81252D21BBEE00387153 /* LocationsViewModelTest.swift */ = {isa = PBXFileReference; lastKnownFileType = sourcecode.swift; path = LocationsViewModelTest.swift; sourceTree = "<group>"; };
		31CF81282D21BD8700387153 /* RMLocationTableViewCellTest.swift */ = {isa = PBXFileReference; lastKnownFileType = sourcecode.swift; path = RMLocationTableViewCellTest.swift; sourceTree = "<group>"; };
		31CF812B2D21C40D00387153 /* CharacterDetailContracts.swift */ = {isa = PBXFileReference; lastKnownFileType = sourcecode.swift; path = CharacterDetailContracts.swift; sourceTree = "<group>"; };
		31CF812D2D21C47800387153 /* CharacterDetailViewModel.swift */ = {isa = PBXFileReference; lastKnownFileType = sourcecode.swift; path = CharacterDetailViewModel.swift; sourceTree = "<group>"; };
		31CF812F2D21C48600387153 /* CharacterDetailViewController.swift */ = {isa = PBXFileReference; lastKnownFileType = sourcecode.swift; path = CharacterDetailViewController.swift; sourceTree = "<group>"; };
		31CF81312D21C51900387153 /* CharacterDetailBuilder.swift */ = {isa = PBXFileReference; lastKnownFileType = sourcecode.swift; path = CharacterDetailBuilder.swift; sourceTree = "<group>"; };
		31CF81342D21C5BE00387153 /* CharacterDetailService.swift */ = {isa = PBXFileReference; lastKnownFileType = sourcecode.swift; path = CharacterDetailService.swift; sourceTree = "<group>"; };
		31CF81362D21C5C900387153 /* CharacterDetailServiceImpl.swift */ = {isa = PBXFileReference; lastKnownFileType = sourcecode.swift; path = CharacterDetailServiceImpl.swift; sourceTree = "<group>"; };
		31CF81392D21CD5000387153 /* CharacterDetailView.swift */ = {isa = PBXFileReference; lastKnownFileType = sourcecode.swift; path = CharacterDetailView.swift; sourceTree = "<group>"; };
		31CF813B2D21D06600387153 /* RMLoadingView.swift */ = {isa = PBXFileReference; lastKnownFileType = sourcecode.swift; path = RMLoadingView.swift; sourceTree = "<group>"; };
		31CF813E2D21D51200387153 /* EpisodeDetailContracts.swift */ = {isa = PBXFileReference; lastKnownFileType = sourcecode.swift; path = EpisodeDetailContracts.swift; sourceTree = "<group>"; };
		31CF81402D21D57300387153 /* EpisodeDetailViewModel.swift */ = {isa = PBXFileReference; lastKnownFileType = sourcecode.swift; path = EpisodeDetailViewModel.swift; sourceTree = "<group>"; };
		31CF81422D21D59500387153 /* EpisodeDetailViewController.swift */ = {isa = PBXFileReference; lastKnownFileType = sourcecode.swift; path = EpisodeDetailViewController.swift; sourceTree = "<group>"; };
		31CF81442D21D5DD00387153 /* EpisodeDetailBuilder.swift */ = {isa = PBXFileReference; lastKnownFileType = sourcecode.swift; path = EpisodeDetailBuilder.swift; sourceTree = "<group>"; };
		31CF81472D21D65200387153 /* EpisodeDetailService.swift */ = {isa = PBXFileReference; lastKnownFileType = sourcecode.swift; path = EpisodeDetailService.swift; sourceTree = "<group>"; };
		31CF81492D21D65C00387153 /* EpisodeDetailServiceImpl.swift */ = {isa = PBXFileReference; lastKnownFileType = sourcecode.swift; path = EpisodeDetailServiceImpl.swift; sourceTree = "<group>"; };
		31CF814C2D21D86700387153 /* EpisodeDetailView.swift */ = {isa = PBXFileReference; lastKnownFileType = sourcecode.swift; path = EpisodeDetailView.swift; sourceTree = "<group>"; };
		31CF814E2D21DDF600387153 /* RMCharacterCarouselViewCell.swift */ = {isa = PBXFileReference; lastKnownFileType = sourcecode.swift; path = RMCharacterCarouselViewCell.swift; sourceTree = "<group>"; };
		31CF81512D21E8CD00387153 /* RMStatusEnum.swift */ = {isa = PBXFileReference; lastKnownFileType = sourcecode.swift; path = RMStatusEnum.swift; sourceTree = "<group>"; };
		31CF81542D21EABE00387153 /* RMCharacterStatusCollectionViewCell.swift */ = {isa = PBXFileReference; lastKnownFileType = sourcecode.swift; path = RMCharacterStatusCollectionViewCell.swift; sourceTree = "<group>"; };
		31CF81562D21EB5F00387153 /* RMCharacterStatusCollectionView.swift */ = {isa = PBXFileReference; lastKnownFileType = sourcecode.swift; path = RMCharacterStatusCollectionView.swift; sourceTree = "<group>"; };
		31CF81592D21F88000387153 /* CharacterDetailViewModelTest.swift */ = {isa = PBXFileReference; lastKnownFileType = sourcecode.swift; path = CharacterDetailViewModelTest.swift; sourceTree = "<group>"; };
		31CF815B2D21FB1700387153 /* CharacterDetailBuilderTest.swift */ = {isa = PBXFileReference; lastKnownFileType = sourcecode.swift; path = CharacterDetailBuilderTest.swift; sourceTree = "<group>"; };
/* End PBXFileReference section */

/* Begin PBXFrameworksBuildPhase section */
		311880452D20A61C00B79FA4 /* Frameworks */ = {
			isa = PBXFrameworksBuildPhase;
			buildActionMask = 2147483647;
			files = (
				315694C62D21A2540032F3AF /* Kingfisher in Frameworks */,
				311880C72D2154A500B79FA4 /* Alamofire in Frameworks */,
			);
			runOnlyForDeploymentPostprocessing = 0;
		};
		3118805B2D20A62000B79FA4 /* Frameworks */ = {
			isa = PBXFrameworksBuildPhase;
			buildActionMask = 2147483647;
			files = (
			);
			runOnlyForDeploymentPostprocessing = 0;
		};
/* End PBXFrameworksBuildPhase section */

/* Begin PBXGroup section */
		3118803F2D20A61C00B79FA4 = {
			isa = PBXGroup;
			children = (
				3118807B2D20A67100B79FA4 /* RickAndMorty.xctestplan */,
				3118804A2D20A61C00B79FA4 /* RickAndMorty */,
				311880612D20A62000B79FA4 /* RickAndMortyTests */,
				311880492D20A61C00B79FA4 /* Products */,
			);
			sourceTree = "<group>";
		};
		311880492D20A61C00B79FA4 /* Products */ = {
			isa = PBXGroup;
			children = (
				311880482D20A61C00B79FA4 /* RickAndMorty.app */,
				3118805E2D20A62000B79FA4 /* RickAndMortyTests.xctest */,
			);
			name = Products;
			sourceTree = "<group>";
		};
		3118804A2D20A61C00B79FA4 /* RickAndMorty */ = {
			isa = PBXGroup;
			children = (
				315694CA2D21A29F0032F3AF /* Common */,
				311880B32D21508600B79FA4 /* Services */,
				311880A92D21504000B79FA4 /* Scenes */,
				311880A12D214EA800B79FA4 /* Factories */,
				311880A62D214EB100B79FA4 /* Coordinators */,
				311880802D20A8F400B79FA4 /* Network */,
				3118807C2D20A67800B79FA4 /* Resources */,
				311880592D20A61E00B79FA4 /* Info.plist */,
			);
			path = RickAndMorty;
			sourceTree = "<group>";
		};
		311880612D20A62000B79FA4 /* RickAndMortyTests */ = {
			isa = PBXGroup;
			children = (
				3147677E2D22C76E00305795 /* Factories */,
				31CF810C2D21B1A800387153 /* Scenes */,
				315694D22D21A71F0032F3AF /* Common */,
				311880C42D21524000B79FA4 /* Services */,
				311880C12D2151AD00B79FA4 /* Network */,
				311880BF2D21513B00B79FA4 /* Mock */,
				311880622D20A62000B79FA4 /* RickAndMortyTests.swift */,
			);
			path = RickAndMortyTests;
			sourceTree = "<group>";
		};
		3118807C2D20A67800B79FA4 /* Resources */ = {
			isa = PBXGroup;
			children = (
				3118804B2D20A61C00B79FA4 /* AppDelegate.swift */,
				311880542D20A61E00B79FA4 /* Assets.xcassets */,
				311880562D20A61E00B79FA4 /* LaunchScreen.storyboard */,
			);
			path = Resources;
			sourceTree = "<group>";
		};
		311880802D20A8F400B79FA4 /* Network */ = {
			isa = PBXGroup;
			children = (
				311880962D20A93E00B79FA4 /* ResponseModels */,
				311880942D20A92F00B79FA4 /* APIRouter.swift */,
				3118808C2D20A91B00B79FA4 /* Entities */,
				311880912D20A92200B79FA4 /* Network Service */,
				311880842D20A8FD00B79FA4 /* Configuration */,
			);
			path = Network;
			sourceTree = "<group>";
		};
		311880842D20A8FD00B79FA4 /* Configuration */ = {
			isa = PBXGroup;
			children = (
				311880812D20A8FD00B79FA4 /* Configuration.swift */,
				311880822D20A8FD00B79FA4 /* ConfigurationError.swift */,
				311880832D20A8FD00B79FA4 /* ConfigurationProtocol.swift */,
			);
			path = Configuration;
			sourceTree = "<group>";
		};
		3118808C2D20A91B00B79FA4 /* Entities */ = {
			isa = PBXGroup;
			children = (
				3118808A2D20A91B00B79FA4 /* NetworkError.swift */,
				3118808B2D20A91B00B79FA4 /* RecipeError.swift */,
			);
			path = Entities;
			sourceTree = "<group>";
		};
		311880912D20A92200B79FA4 /* Network Service */ = {
			isa = PBXGroup;
			children = (
				3118808F2D20A92200B79FA4 /* NetworkService.swift */,
				311880902D20A92200B79FA4 /* NetworkServiceProtocol.swift */,
			);
			path = "Network Service";
			sourceTree = "<group>";
		};
		311880962D20A93E00B79FA4 /* ResponseModels */ = {
			isa = PBXGroup;
			children = (
				3118809D2D20A94F00B79FA4 /* RMCharactersResponse.swift */,
				311880972D20A94A00B79FA4 /* RMBaseResponse.swift */,
				311880992D20A94A00B79FA4 /* RMEpisodesResponse.swift */,
				311880982D20A94A00B79FA4 /* RMLocationsResponse.swift */,
			);
			path = ResponseModels;
			sourceTree = "<group>";
		};
		311880A12D214EA800B79FA4 /* Factories */ = {
			isa = PBXGroup;
			children = (
				3118809F2D214EA800B79FA4 /* AppUIFactory.swift */,
				311880A02D214EA800B79FA4 /* TabBarCoordinatorFactory.swift */,
			);
			path = Factories;
			sourceTree = "<group>";
		};
		311880A62D214EB100B79FA4 /* Coordinators */ = {
			isa = PBXGroup;
			children = (
				311880A42D214EB100B79FA4 /* Coordinator.swift */,
				311880A52D214EB100B79FA4 /* TabCoordinator.swift */,
			);
			path = Coordinators;
			sourceTree = "<group>";
		};
		311880A92D21504000B79FA4 /* Scenes */ = {
			isa = PBXGroup;
			children = (
				31CF813D2D21D4EC00387153 /* EpisodeDetail */,
				31CF812A2D21BEEE00387153 /* CharacterDetail */,
				31CF81132D21B7EF00387153 /* Locations */,
				315694D62D21A8360032F3AF /* Episodes */,
				311880AA2D21504A00B79FA4 /* Home */,
			);
			path = Scenes;
			sourceTree = "<group>";
		};
		311880AA2D21504A00B79FA4 /* Home */ = {
			isa = PBXGroup;
			children = (
				31CF81502D21E8BF00387153 /* Enums */,
				315694C12D219F0F0032F3AF /* Views */,
				311880AB2D21505700B79FA4 /* HomeBuilder.swift */,
				311880AE2D21505700B79FA4 /* HomeContracts.swift */,
				311880AD2D21505700B79FA4 /* HomeViewController.swift */,
				311880AC2D21505700B79FA4 /* HomeViewModel.swift */,
			);
			path = Home;
			sourceTree = "<group>";
		};
		311880B32D21508600B79FA4 /* Services */ = {
			isa = PBXGroup;
			children = (
				311880B92D21509200B79FA4 /* ServicesFactory.swift */,
				31CF81462D21D64900387153 /* EpisodeDetail */,
				31CF81332D21C5B100387153 /* CharacterDetail */,
				31CF81142D21B7F300387153 /* Locations */,
				315694DF2D21A8980032F3AF /* Episodes */,
				311880B62D21508E00B79FA4 /* Home */,
			);
			path = Services;
			sourceTree = "<group>";
		};
		311880B62D21508E00B79FA4 /* Home */ = {
			isa = PBXGroup;
			children = (
				311880B42D21508E00B79FA4 /* HomeServiceImpl.swift */,
				311880B52D21508E00B79FA4 /* HomeViewService.swift */,
			);
			path = Home;
			sourceTree = "<group>";
		};
		311880BB2D2150AD00B79FA4 /* Home */ = {
			isa = PBXGroup;
			children = (
				3147676F2D22BA4400305795 /* Enums */,
				315694CF2D21A61E0032F3AF /* Views */,
				311880BC2D2150BC00B79FA4 /* HomeViewModelTest.swift */,
				315694BF2D219DAB0032F3AF /* HomeBuilderTest.swift */,
				3147677C2D22C49C00305795 /* HomeViewControllerTest.swift */,
			);
			path = Home;
			sourceTree = "<group>";
		};
		311880BF2D21513B00B79FA4 /* Mock */ = {
			isa = PBXGroup;
			children = (
				311880BE2D21513B00B79FA4 /* MockCharacterDataFactory.swift */,
			);
			path = Mock;
			sourceTree = "<group>";
		};
		311880C12D2151AD00B79FA4 /* Network */ = {
			isa = PBXGroup;
			children = (
				311880C22D2151C700B79FA4 /* APIRouterTest.swift */,
			);
			path = Network;
			sourceTree = "<group>";
		};
		311880C42D21524000B79FA4 /* Services */ = {
			isa = PBXGroup;
			children = (
				314767832D22C92200305795 /* HomeViewServiceTests.swift */,
				314767892D22CBF700305795 /* CharacterDetailViewServiceTests.swift */,
				314767852D22CADD00305795 /* LocationsViewServiceTests.swift */,
				314767872D22CB9700305795 /* EpisodesViewServiceTests.swift */,
				3147678B2D22CD1E00305795 /* EpisodeDetailServiceTests.swift */,
			);
			path = Services;
			sourceTree = "<group>";
		};
		314767662D22B16A00305795 /* Views */ = {
			isa = PBXGroup;
			children = (
				314767672D22B17300305795 /* CharacterDetailViewTest.swift */,
			);
			path = Views;
			sourceTree = "<group>";
		};
		314767692D22B28900305795 /* EpisodeDetail */ = {
			isa = PBXGroup;
			children = (
				3147676C2D22B67500305795 /* Views */,
				3147676A2D22B29D00305795 /* EpisodeDetailViewModelTest.swift */,
				314767762D22BEE700305795 /* EpisodeDetailBuilderTest.swift */,
			);
			path = EpisodeDetail;
			sourceTree = "<group>";
		};
		3147676C2D22B67500305795 /* Views */ = {
			isa = PBXGroup;
			children = (
				3147676D2D22B68100305795 /* EpisodeDetailViewTest.swift */,
				3147678D2D22CDC700305795 /* RMCharacterCarouselViewCellTests.swift */,
			);
			path = Views;
			sourceTree = "<group>";
		};
		3147676F2D22BA4400305795 /* Enums */ = {
			isa = PBXGroup;
			children = (
				314767702D22BA4D00305795 /* RMStatusEnumTest.swift */,
			);
			path = Enums;
			sourceTree = "<group>";
		};
		3147677E2D22C76E00305795 /* Factories */ = {
			isa = PBXGroup;
			children = (
				3147677F2D22C77E00305795 /* TabBarCoordinatorFactoryTests.swift */,
			);
			path = Factories;
			sourceTree = "<group>";
		};
		315694C12D219F0F0032F3AF /* Views */ = {
			isa = PBXGroup;
			children = (
				315694C22D219F1F0032F3AF /* RMListCollectionViewCell.swift */,
				31CF81542D21EABE00387153 /* RMCharacterStatusCollectionViewCell.swift */,
				31CF81562D21EB5F00387153 /* RMCharacterStatusCollectionView.swift */,
			);
			path = Views;
			sourceTree = "<group>";
		};
		315694CA2D21A29F0032F3AF /* Common */ = {
			isa = PBXGroup;
			children = (
				315694CB2D21A2A20032F3AF /* Views */,
			);
			path = Common;
			sourceTree = "<group>";
		};
		315694CB2D21A2A20032F3AF /* Views */ = {
			isa = PBXGroup;
			children = (
				315694CC2D21A2AC0032F3AF /* RMListTitleView.swift */,
				31CF813B2D21D06600387153 /* RMLoadingView.swift */,
			);
			path = Views;
			sourceTree = "<group>";
		};
		315694CF2D21A61E0032F3AF /* Views */ = {
			isa = PBXGroup;
			children = (
				315694D02D21A63C0032F3AF /* RMListCollectionViewCellTest.swift */,
				314767782D22BF9500305795 /* RMCharacterStatusCollectionViewCellTest.swift */,
				3147677A2D22C04400305795 /* RMCharacterStatusCollectionViewTest.swift */,
			);
			path = Views;
			sourceTree = "<group>";
		};
		315694D22D21A71F0032F3AF /* Common */ = {
			isa = PBXGroup;
			children = (
				315694D32D21A73A0032F3AF /* Views */,
			);
			path = Common;
			sourceTree = "<group>";
		};
		315694D32D21A73A0032F3AF /* Views */ = {
			isa = PBXGroup;
			children = (
				315694D42D21A7450032F3AF /* RMListTitleViewTest.swift */,
			);
			path = Views;
			sourceTree = "<group>";
		};
		315694D62D21A8360032F3AF /* Episodes */ = {
			isa = PBXGroup;
			children = (
				31CF81092D21AE3C00387153 /* View */,
				315694D72D21A83D0032F3AF /* EpisodesContracts.swift */,
				315694D92D21A84E0032F3AF /* EpisodesBuilder.swift */,
				315694DB2D21A8550032F3AF /* EpisodesViewController.swift */,
				315694DD2D21A85B0032F3AF /* EpisodesViewModel.swift */,
			);
			path = Episodes;
			sourceTree = "<group>";
		};
		315694DF2D21A8980032F3AF /* Episodes */ = {
			isa = PBXGroup;
			children = (
				315694E02D21A8A80032F3AF /* EpisodesViewService.swift */,
				315694E22D21A8C30032F3AF /* EpisodesViewServiceImpl.swift */,
			);
			path = Episodes;
			sourceTree = "<group>";
		};
		31CF81092D21AE3C00387153 /* View */ = {
			isa = PBXGroup;
			children = (
				31CF810A2D21AE4A00387153 /* RMEpisodesTableViewCell.swift */,
			);
			path = View;
			sourceTree = "<group>";
		};
		31CF810C2D21B1A800387153 /* Scenes */ = {
			isa = PBXGroup;
			children = (
				314767692D22B28900305795 /* EpisodeDetail */,
				31CF81582D21F72900387153 /* ChatacterDetail */,
				311880BB2D2150AD00B79FA4 /* Home */,
				31CF81242D21BBDE00387153 /* Locations */,
				31CF810D2D21B1BC00387153 /* Episodes */,
			);
			path = Scenes;
			sourceTree = "<group>";
		};
		31CF810D2D21B1BC00387153 /* Episodes */ = {
			isa = PBXGroup;
			children = (
				31CF810E2D21B1C100387153 /* Views */,
				31CF81112D21B31800387153 /* EpisodesViewModelTest.swift */,
				314767722D22BDBC00305795 /* EpisodeBuilderTest.swift */,
			);
			path = Episodes;
			sourceTree = "<group>";
		};
		31CF810E2D21B1C100387153 /* Views */ = {
			isa = PBXGroup;
			children = (
				31CF810F2D21B1DA00387153 /* RMEpisodesTableViewCellTest.swift */,
			);
			path = Views;
			sourceTree = "<group>";
		};
		31CF81132D21B7EF00387153 /* Locations */ = {
			isa = PBXGroup;
			children = (
				31CF81212D21BA3600387153 /* View */,
				31CF81192D21B88100387153 /* LocationsContracts.swift */,
				31CF811B2D21B8BA00387153 /* LocationsViewModel.swift */,
				31CF811D2D21B90000387153 /* LocationsBuilder.swift */,
				31CF811F2D21B90D00387153 /* LocationsViewController.swift */,
			);
			path = Locations;
			sourceTree = "<group>";
		};
		31CF81142D21B7F300387153 /* Locations */ = {
			isa = PBXGroup;
			children = (
				31CF81152D21B7FF00387153 /* LocationsViewService.swift */,
				31CF81172D21B80700387153 /* LocationsViewServiceImpl.swift */,
			);
			path = Locations;
			sourceTree = "<group>";
		};
		31CF81212D21BA3600387153 /* View */ = {
			isa = PBXGroup;
			children = (
				31CF81222D21BA4300387153 /* RMLocationTableViewCell.swift */,
			);
			path = View;
			sourceTree = "<group>";
		};
		31CF81242D21BBDE00387153 /* Locations */ = {
			isa = PBXGroup;
			children = (
				31CF81272D21BD7500387153 /* Views */,
				31CF81252D21BBEE00387153 /* LocationsViewModelTest.swift */,
				314767812D22C88800305795 /* LocationsBuilderTests.swift */,
			);
			path = Locations;
			sourceTree = "<group>";
		};
		31CF81272D21BD7500387153 /* Views */ = {
			isa = PBXGroup;
			children = (
				31CF81282D21BD8700387153 /* RMLocationTableViewCellTest.swift */,
			);
			path = Views;
			sourceTree = "<group>";
		};
		31CF812A2D21BEEE00387153 /* CharacterDetail */ = {
			isa = PBXGroup;
			children = (
				31CF81382D21CD4200387153 /* Views */,
				31CF812B2D21C40D00387153 /* CharacterDetailContracts.swift */,
				31CF812D2D21C47800387153 /* CharacterDetailViewModel.swift */,
				31CF812F2D21C48600387153 /* CharacterDetailViewController.swift */,
				31CF81312D21C51900387153 /* CharacterDetailBuilder.swift */,
			);
			path = CharacterDetail;
			sourceTree = "<group>";
		};
		31CF81332D21C5B100387153 /* CharacterDetail */ = {
			isa = PBXGroup;
			children = (
				31CF81342D21C5BE00387153 /* CharacterDetailService.swift */,
				31CF81362D21C5C900387153 /* CharacterDetailServiceImpl.swift */,
			);
			path = CharacterDetail;
			sourceTree = "<group>";
		};
		31CF81382D21CD4200387153 /* Views */ = {
			isa = PBXGroup;
			children = (
				31CF81392D21CD5000387153 /* CharacterDetailView.swift */,
			);
			path = Views;
			sourceTree = "<group>";
		};
		31CF813D2D21D4EC00387153 /* EpisodeDetail */ = {
			isa = PBXGroup;
			children = (
				31CF814B2D21D85F00387153 /* Views */,
				31CF813E2D21D51200387153 /* EpisodeDetailContracts.swift */,
				31CF81402D21D57300387153 /* EpisodeDetailViewModel.swift */,
				31CF81422D21D59500387153 /* EpisodeDetailViewController.swift */,
				31CF81442D21D5DD00387153 /* EpisodeDetailBuilder.swift */,
			);
			path = EpisodeDetail;
			sourceTree = "<group>";
		};
		31CF81462D21D64900387153 /* EpisodeDetail */ = {
			isa = PBXGroup;
			children = (
				31CF81472D21D65200387153 /* EpisodeDetailService.swift */,
				31CF81492D21D65C00387153 /* EpisodeDetailServiceImpl.swift */,
			);
			path = EpisodeDetail;
			sourceTree = "<group>";
		};
		31CF814B2D21D85F00387153 /* Views */ = {
			isa = PBXGroup;
			children = (
				31CF814C2D21D86700387153 /* EpisodeDetailView.swift */,
				31CF814E2D21DDF600387153 /* RMCharacterCarouselViewCell.swift */,
			);
			path = Views;
			sourceTree = "<group>";
		};
		31CF81502D21E8BF00387153 /* Enums */ = {
			isa = PBXGroup;
			children = (
				31CF81512D21E8CD00387153 /* RMStatusEnum.swift */,
			);
			path = Enums;
			sourceTree = "<group>";
		};
		31CF81582D21F72900387153 /* ChatacterDetail */ = {
			isa = PBXGroup;
			children = (
				314767662D22B16A00305795 /* Views */,
				31CF81592D21F88000387153 /* CharacterDetailViewModelTest.swift */,
				31CF815B2D21FB1700387153 /* CharacterDetailBuilderTest.swift */,
			);
			path = ChatacterDetail;
			sourceTree = "<group>";
		};
/* End PBXGroup section */

/* Begin PBXNativeTarget section */
		311880472D20A61C00B79FA4 /* RickAndMorty */ = {
			isa = PBXNativeTarget;
			buildConfigurationList = 311880722D20A62000B79FA4 /* Build configuration list for PBXNativeTarget "RickAndMorty" */;
			buildPhases = (
				311880442D20A61C00B79FA4 /* Sources */,
				311880452D20A61C00B79FA4 /* Frameworks */,
				311880462D20A61C00B79FA4 /* Resources */,
			);
			buildRules = (
			);
			dependencies = (
			);
			name = RickAndMorty;
			packageProductDependencies = (
				311880C62D2154A500B79FA4 /* Alamofire */,
				315694C52D21A2540032F3AF /* Kingfisher */,
			);
			productName = RickAndMorty;
			productReference = 311880482D20A61C00B79FA4 /* RickAndMorty.app */;
			productType = "com.apple.product-type.application";
		};
		3118805D2D20A62000B79FA4 /* RickAndMortyTests */ = {
			isa = PBXNativeTarget;
			buildConfigurationList = 311880752D20A62000B79FA4 /* Build configuration list for PBXNativeTarget "RickAndMortyTests" */;
			buildPhases = (
				3118805A2D20A62000B79FA4 /* Sources */,
				3118805B2D20A62000B79FA4 /* Frameworks */,
				3118805C2D20A62000B79FA4 /* Resources */,
			);
			buildRules = (
			);
			dependencies = (
				311880602D20A62000B79FA4 /* PBXTargetDependency */,
			);
			name = RickAndMortyTests;
			productName = RickAndMortyTests;
			productReference = 3118805E2D20A62000B79FA4 /* RickAndMortyTests.xctest */;
			productType = "com.apple.product-type.bundle.unit-test";
		};
/* End PBXNativeTarget section */

/* Begin PBXProject section */
		311880402D20A61C00B79FA4 /* Project object */ = {
			isa = PBXProject;
			attributes = {
				BuildIndependentTargetsInParallel = 1;
				LastSwiftUpdateCheck = 1540;
				LastUpgradeCheck = 1540;
				TargetAttributes = {
					311880472D20A61C00B79FA4 = {
						CreatedOnToolsVersion = 15.4;
					};
					3118805D2D20A62000B79FA4 = {
						CreatedOnToolsVersion = 15.4;
						TestTargetID = 311880472D20A61C00B79FA4;
					};
				};
			};
			buildConfigurationList = 311880432D20A61C00B79FA4 /* Build configuration list for PBXProject "RickAndMorty" */;
			compatibilityVersion = "Xcode 14.0";
			developmentRegion = en;
			hasScannedForEncodings = 0;
			knownRegions = (
				en,
				Base,
			);
			mainGroup = 3118803F2D20A61C00B79FA4;
			packageReferences = (
				311880C52D2154A500B79FA4 /* XCRemoteSwiftPackageReference "Alamofire" */,
				315694C42D21A2540032F3AF /* XCRemoteSwiftPackageReference "Kingfisher" */,
			);
			productRefGroup = 311880492D20A61C00B79FA4 /* Products */;
			projectDirPath = "";
			projectRoot = "";
			targets = (
				311880472D20A61C00B79FA4 /* RickAndMorty */,
				3118805D2D20A62000B79FA4 /* RickAndMortyTests */,
			);
		};
/* End PBXProject section */

/* Begin PBXResourcesBuildPhase section */
		311880462D20A61C00B79FA4 /* Resources */ = {
			isa = PBXResourcesBuildPhase;
			buildActionMask = 2147483647;
			files = (
				311880552D20A61E00B79FA4 /* Assets.xcassets in Resources */,
				311880582D20A61E00B79FA4 /* Base in Resources */,
			);
			runOnlyForDeploymentPostprocessing = 0;
		};
		3118805C2D20A62000B79FA4 /* Resources */ = {
			isa = PBXResourcesBuildPhase;
			buildActionMask = 2147483647;
			files = (
			);
			runOnlyForDeploymentPostprocessing = 0;
		};
/* End PBXResourcesBuildPhase section */

/* Begin PBXSourcesBuildPhase section */
		311880442D20A61C00B79FA4 /* Sources */ = {
			isa = PBXSourcesBuildPhase;
			buildActionMask = 2147483647;
			files = (
				31CF810B2D21AE4A00387153 /* RMEpisodesTableViewCell.swift in Sources */,
				311880B02D21505700B79FA4 /* HomeViewModel.swift in Sources */,
				31CF81372D21C5C900387153 /* CharacterDetailServiceImpl.swift in Sources */,
				31CF814F2D21DDF600387153 /* RMCharacterCarouselViewCell.swift in Sources */,
				31CF813F2D21D51200387153 /* EpisodeDetailContracts.swift in Sources */,
				311880A72D214EB100B79FA4 /* Coordinator.swift in Sources */,
				31CF81572D21EB5F00387153 /* RMCharacterStatusCollectionView.swift in Sources */,
				31CF813A2D21CD5000387153 /* CharacterDetailView.swift in Sources */,
				311880B82D21508E00B79FA4 /* HomeViewService.swift in Sources */,
				311880872D20A8FD00B79FA4 /* ConfigurationProtocol.swift in Sources */,
				31CF814D2D21D86700387153 /* EpisodeDetailView.swift in Sources */,
				3118809B2D20A94A00B79FA4 /* RMLocationsResponse.swift in Sources */,
				31CF81322D21C51900387153 /* CharacterDetailBuilder.swift in Sources */,
				31CF814A2D21D65C00387153 /* EpisodeDetailServiceImpl.swift in Sources */,
				315694C32D219F1F0032F3AF /* RMListCollectionViewCell.swift in Sources */,
				311880952D20A92F00B79FA4 /* APIRouter.swift in Sources */,
				31CF81202D21B90D00387153 /* LocationsViewController.swift in Sources */,
				311880A82D214EB100B79FA4 /* TabCoordinator.swift in Sources */,
				311880862D20A8FD00B79FA4 /* ConfigurationError.swift in Sources */,
				31CF81232D21BA4300387153 /* RMLocationTableViewCell.swift in Sources */,
				311880AF2D21505700B79FA4 /* HomeBuilder.swift in Sources */,
				311880852D20A8FD00B79FA4 /* Configuration.swift in Sources */,
				311880B22D21505700B79FA4 /* HomeContracts.swift in Sources */,
				31CF81412D21D57300387153 /* EpisodeDetailViewModel.swift in Sources */,
				31CF81452D21D5DD00387153 /* EpisodeDetailBuilder.swift in Sources */,
				3118809C2D20A94A00B79FA4 /* RMEpisodesResponse.swift in Sources */,
				31CF81552D21EABE00387153 /* RMCharacterStatusCollectionViewCell.swift in Sources */,
				31CF81352D21C5BE00387153 /* CharacterDetailService.swift in Sources */,
				31CF81432D21D59500387153 /* EpisodeDetailViewController.swift in Sources */,
				3118809A2D20A94A00B79FA4 /* RMBaseResponse.swift in Sources */,
				315694E12D21A8A80032F3AF /* EpisodesViewService.swift in Sources */,
				31CF813C2D21D06600387153 /* RMLoadingView.swift in Sources */,
				31CF811C2D21B8BA00387153 /* LocationsViewModel.swift in Sources */,
				3118804C2D20A61C00B79FA4 /* AppDelegate.swift in Sources */,
				31CF81182D21B80700387153 /* LocationsViewServiceImpl.swift in Sources */,
				31CF812E2D21C47800387153 /* CharacterDetailViewModel.swift in Sources */,
				311880A22D214EA800B79FA4 /* AppUIFactory.swift in Sources */,
				31CF81302D21C48600387153 /* CharacterDetailViewController.swift in Sources */,
				315694D82D21A83D0032F3AF /* EpisodesContracts.swift in Sources */,
				315694E32D21A8C30032F3AF /* EpisodesViewServiceImpl.swift in Sources */,
				311880B72D21508E00B79FA4 /* HomeServiceImpl.swift in Sources */,
				315694DC2D21A8550032F3AF /* EpisodesViewController.swift in Sources */,
				311880932D20A92200B79FA4 /* NetworkServiceProtocol.swift in Sources */,
				3118808E2D20A91B00B79FA4 /* RecipeError.swift in Sources */,
				311880B12D21505700B79FA4 /* HomeViewController.swift in Sources */,
				3118808D2D20A91B00B79FA4 /* NetworkError.swift in Sources */,
				311880BA2D21509200B79FA4 /* ServicesFactory.swift in Sources */,
				315694DA2D21A84E0032F3AF /* EpisodesBuilder.swift in Sources */,
				311880922D20A92200B79FA4 /* NetworkService.swift in Sources */,
				31CF81522D21E8CD00387153 /* RMStatusEnum.swift in Sources */,
				31CF81162D21B7FF00387153 /* LocationsViewService.swift in Sources */,
				315694DE2D21A85B0032F3AF /* EpisodesViewModel.swift in Sources */,
				31CF811A2D21B88100387153 /* LocationsContracts.swift in Sources */,
				3118809E2D20A94F00B79FA4 /* RMCharactersResponse.swift in Sources */,
				31CF81482D21D65200387153 /* EpisodeDetailService.swift in Sources */,
				315694CD2D21A2AC0032F3AF /* RMListTitleView.swift in Sources */,
				31CF811E2D21B90000387153 /* LocationsBuilder.swift in Sources */,
				31CF812C2D21C40D00387153 /* CharacterDetailContracts.swift in Sources */,
				311880A32D214EA800B79FA4 /* TabBarCoordinatorFactory.swift in Sources */,
			);
			runOnlyForDeploymentPostprocessing = 0;
		};
		3118805A2D20A62000B79FA4 /* Sources */ = {
			isa = PBXSourcesBuildPhase;
			buildActionMask = 2147483647;
			files = (
				315694C02D219DAB0032F3AF /* HomeBuilderTest.swift in Sources */,
				3147677D2D22C49C00305795 /* HomeViewControllerTest.swift in Sources */,
				314767682D22B17300305795 /* CharacterDetailViewTest.swift in Sources */,
				314767712D22BA4D00305795 /* RMStatusEnumTest.swift in Sources */,
				314767822D22C88800305795 /* LocationsBuilderTests.swift in Sources */,
				31CF81122D21B31800387153 /* EpisodesViewModelTest.swift in Sources */,
				314767772D22BEE700305795 /* EpisodeDetailBuilderTest.swift in Sources */,
				3147678E2D22CDC700305795 /* RMCharacterCarouselViewCellTests.swift in Sources */,
				3147676B2D22B29D00305795 /* EpisodeDetailViewModelTest.swift in Sources */,
				3147678C2D22CD1E00305795 /* EpisodeDetailServiceTests.swift in Sources */,
				31CF81292D21BD8700387153 /* RMLocationTableViewCellTest.swift in Sources */,
				314767792D22BF9500305795 /* RMCharacterStatusCollectionViewCellTest.swift in Sources */,
				315694D52D21A7450032F3AF /* RMListTitleViewTest.swift in Sources */,
				3147678A2D22CBF700305795 /* CharacterDetailViewServiceTests.swift in Sources */,
				314767882D22CB9700305795 /* EpisodesViewServiceTests.swift in Sources */,
				314767842D22C92200305795 /* HomeViewServiceTests.swift in Sources */,
				311880632D20A62000B79FA4 /* RickAndMortyTests.swift in Sources */,
				31CF815A2D21F88000387153 /* CharacterDetailViewModelTest.swift in Sources */,
				31CF815C2D21FB1700387153 /* CharacterDetailBuilderTest.swift in Sources */,
				314767802D22C77E00305795 /* TabBarCoordinatorFactoryTests.swift in Sources */,
				311880C32D2151C700B79FA4 /* APIRouterTest.swift in Sources */,
				314767732D22BDBC00305795 /* EpisodeBuilderTest.swift in Sources */,
				315694D12D21A63C0032F3AF /* RMListCollectionViewCellTest.swift in Sources */,
				311880C02D21513B00B79FA4 /* MockCharacterDataFactory.swift in Sources */,
				31CF81102D21B1DA00387153 /* RMEpisodesTableViewCellTest.swift in Sources */,
				3147677B2D22C04400305795 /* RMCharacterStatusCollectionViewTest.swift in Sources */,
				3147676E2D22B68100305795 /* EpisodeDetailViewTest.swift in Sources */,
				314767862D22CADD00305795 /* LocationsViewServiceTests.swift in Sources */,
				311880BD2D2150BC00B79FA4 /* HomeViewModelTest.swift in Sources */,
				31CF81262D21BBEE00387153 /* LocationsViewModelTest.swift in Sources */,
			);
			runOnlyForDeploymentPostprocessing = 0;
		};
/* End PBXSourcesBuildPhase section */

/* Begin PBXTargetDependency section */
		311880602D20A62000B79FA4 /* PBXTargetDependency */ = {
			isa = PBXTargetDependency;
			target = 311880472D20A61C00B79FA4 /* RickAndMorty */;
			targetProxy = 3118805F2D20A62000B79FA4 /* PBXContainerItemProxy */;
		};
/* End PBXTargetDependency section */

/* Begin PBXVariantGroup section */
		311880562D20A61E00B79FA4 /* LaunchScreen.storyboard */ = {
			isa = PBXVariantGroup;
			children = (
				311880572D20A61E00B79FA4 /* Base */,
			);
			name = LaunchScreen.storyboard;
			sourceTree = "<group>";
		};
/* End PBXVariantGroup section */

/* Begin XCBuildConfiguration section */
		311880702D20A62000B79FA4 /* Debug */ = {
			isa = XCBuildConfiguration;
			buildSettings = {
				ALWAYS_SEARCH_USER_PATHS = NO;
				ASSETCATALOG_COMPILER_GENERATE_SWIFT_ASSET_SYMBOL_EXTENSIONS = YES;
				CLANG_ANALYZER_NONNULL = YES;
				CLANG_ANALYZER_NUMBER_OBJECT_CONVERSION = YES_AGGRESSIVE;
				CLANG_CXX_LANGUAGE_STANDARD = "gnu++20";
				CLANG_ENABLE_MODULES = YES;
				CLANG_ENABLE_OBJC_ARC = YES;
				CLANG_ENABLE_OBJC_WEAK = YES;
				CLANG_WARN_BLOCK_CAPTURE_AUTORELEASING = YES;
				CLANG_WARN_BOOL_CONVERSION = YES;
				CLANG_WARN_COMMA = YES;
				CLANG_WARN_CONSTANT_CONVERSION = YES;
				CLANG_WARN_DEPRECATED_OBJC_IMPLEMENTATIONS = YES;
				CLANG_WARN_DIRECT_OBJC_ISA_USAGE = YES_ERROR;
				CLANG_WARN_DOCUMENTATION_COMMENTS = YES;
				CLANG_WARN_EMPTY_BODY = YES;
				CLANG_WARN_ENUM_CONVERSION = YES;
				CLANG_WARN_INFINITE_RECURSION = YES;
				CLANG_WARN_INT_CONVERSION = YES;
				CLANG_WARN_NON_LITERAL_NULL_CONVERSION = YES;
				CLANG_WARN_OBJC_IMPLICIT_RETAIN_SELF = YES;
				CLANG_WARN_OBJC_LITERAL_CONVERSION = YES;
				CLANG_WARN_OBJC_ROOT_CLASS = YES_ERROR;
				CLANG_WARN_QUOTED_INCLUDE_IN_FRAMEWORK_HEADER = YES;
				CLANG_WARN_RANGE_LOOP_ANALYSIS = YES;
				CLANG_WARN_STRICT_PROTOTYPES = YES;
				CLANG_WARN_SUSPICIOUS_MOVE = YES;
				CLANG_WARN_UNGUARDED_AVAILABILITY = YES_AGGRESSIVE;
				CLANG_WARN_UNREACHABLE_CODE = YES;
				CLANG_WARN__DUPLICATE_METHOD_MATCH = YES;
				COPY_PHASE_STRIP = NO;
				DEBUG_INFORMATION_FORMAT = dwarf;
				ENABLE_STRICT_OBJC_MSGSEND = YES;
				ENABLE_TESTABILITY = YES;
				ENABLE_USER_SCRIPT_SANDBOXING = YES;
				GCC_C_LANGUAGE_STANDARD = gnu17;
				GCC_DYNAMIC_NO_PIC = NO;
				GCC_NO_COMMON_BLOCKS = YES;
				GCC_OPTIMIZATION_LEVEL = 0;
				GCC_PREPROCESSOR_DEFINITIONS = (
					"DEBUG=1",
					"$(inherited)",
				);
				GCC_WARN_64_TO_32_BIT_CONVERSION = YES;
				GCC_WARN_ABOUT_RETURN_TYPE = YES_ERROR;
				GCC_WARN_UNDECLARED_SELECTOR = YES;
				GCC_WARN_UNINITIALIZED_AUTOS = YES_AGGRESSIVE;
				GCC_WARN_UNUSED_FUNCTION = YES;
				GCC_WARN_UNUSED_VARIABLE = YES;
				IPHONEOS_DEPLOYMENT_TARGET = 16.0;
				LOCALIZATION_PREFERS_STRING_CATALOGS = YES;
				MTL_ENABLE_DEBUG_INFO = INCLUDE_SOURCE;
				MTL_FAST_MATH = YES;
				ONLY_ACTIVE_ARCH = YES;
				SDKROOT = iphoneos;
				SWIFT_ACTIVE_COMPILATION_CONDITIONS = "DEBUG $(inherited)";
				SWIFT_OPTIMIZATION_LEVEL = "-Onone";
			};
			name = Debug;
		};
		311880712D20A62000B79FA4 /* Release */ = {
			isa = XCBuildConfiguration;
			buildSettings = {
				ALWAYS_SEARCH_USER_PATHS = NO;
				ASSETCATALOG_COMPILER_GENERATE_SWIFT_ASSET_SYMBOL_EXTENSIONS = YES;
				CLANG_ANALYZER_NONNULL = YES;
				CLANG_ANALYZER_NUMBER_OBJECT_CONVERSION = YES_AGGRESSIVE;
				CLANG_CXX_LANGUAGE_STANDARD = "gnu++20";
				CLANG_ENABLE_MODULES = YES;
				CLANG_ENABLE_OBJC_ARC = YES;
				CLANG_ENABLE_OBJC_WEAK = YES;
				CLANG_WARN_BLOCK_CAPTURE_AUTORELEASING = YES;
				CLANG_WARN_BOOL_CONVERSION = YES;
				CLANG_WARN_COMMA = YES;
				CLANG_WARN_CONSTANT_CONVERSION = YES;
				CLANG_WARN_DEPRECATED_OBJC_IMPLEMENTATIONS = YES;
				CLANG_WARN_DIRECT_OBJC_ISA_USAGE = YES_ERROR;
				CLANG_WARN_DOCUMENTATION_COMMENTS = YES;
				CLANG_WARN_EMPTY_BODY = YES;
				CLANG_WARN_ENUM_CONVERSION = YES;
				CLANG_WARN_INFINITE_RECURSION = YES;
				CLANG_WARN_INT_CONVERSION = YES;
				CLANG_WARN_NON_LITERAL_NULL_CONVERSION = YES;
				CLANG_WARN_OBJC_IMPLICIT_RETAIN_SELF = YES;
				CLANG_WARN_OBJC_LITERAL_CONVERSION = YES;
				CLANG_WARN_OBJC_ROOT_CLASS = YES_ERROR;
				CLANG_WARN_QUOTED_INCLUDE_IN_FRAMEWORK_HEADER = YES;
				CLANG_WARN_RANGE_LOOP_ANALYSIS = YES;
				CLANG_WARN_STRICT_PROTOTYPES = YES;
				CLANG_WARN_SUSPICIOUS_MOVE = YES;
				CLANG_WARN_UNGUARDED_AVAILABILITY = YES_AGGRESSIVE;
				CLANG_WARN_UNREACHABLE_CODE = YES;
				CLANG_WARN__DUPLICATE_METHOD_MATCH = YES;
				COPY_PHASE_STRIP = NO;
				DEBUG_INFORMATION_FORMAT = "dwarf-with-dsym";
				ENABLE_NS_ASSERTIONS = NO;
				ENABLE_STRICT_OBJC_MSGSEND = YES;
				ENABLE_USER_SCRIPT_SANDBOXING = YES;
				GCC_C_LANGUAGE_STANDARD = gnu17;
				GCC_NO_COMMON_BLOCKS = YES;
				GCC_WARN_64_TO_32_BIT_CONVERSION = YES;
				GCC_WARN_ABOUT_RETURN_TYPE = YES_ERROR;
				GCC_WARN_UNDECLARED_SELECTOR = YES;
				GCC_WARN_UNINITIALIZED_AUTOS = YES_AGGRESSIVE;
				GCC_WARN_UNUSED_FUNCTION = YES;
				GCC_WARN_UNUSED_VARIABLE = YES;
				IPHONEOS_DEPLOYMENT_TARGET = 16.0;
				LOCALIZATION_PREFERS_STRING_CATALOGS = YES;
				MTL_ENABLE_DEBUG_INFO = NO;
				MTL_FAST_MATH = YES;
				SDKROOT = iphoneos;
				SWIFT_COMPILATION_MODE = wholemodule;
				VALIDATE_PRODUCT = YES;
			};
			name = Release;
		};
		311880732D20A62000B79FA4 /* Debug */ = {
			isa = XCBuildConfiguration;
			buildSettings = {
				ASSETCATALOG_COMPILER_APPICON_NAME = AppIcon;
				ASSETCATALOG_COMPILER_GLOBAL_ACCENT_COLOR_NAME = AccentColor;
				CODE_SIGN_STYLE = Automatic;
				CURRENT_PROJECT_VERSION = 1;
				DEVELOPMENT_TEAM = 95J5ZJ5FVG;
				GENERATE_INFOPLIST_FILE = YES;
				INFOPLIST_FILE = RickAndMorty/Info.plist;
				INFOPLIST_KEY_UIApplicationSupportsIndirectInputEvents = YES;
				INFOPLIST_KEY_UILaunchStoryboardName = LaunchScreen;
				INFOPLIST_KEY_UIMainStoryboardFile = "";
				INFOPLIST_KEY_UISupportedInterfaceOrientations_iPad = "UIInterfaceOrientationPortrait UIInterfaceOrientationPortraitUpsideDown UIInterfaceOrientationLandscapeLeft UIInterfaceOrientationLandscapeRight";
				INFOPLIST_KEY_UISupportedInterfaceOrientations_iPhone = "UIInterfaceOrientationPortrait UIInterfaceOrientationLandscapeLeft UIInterfaceOrientationLandscapeRight";
				IPHONEOS_DEPLOYMENT_TARGET = 16.0;
				LD_RUNPATH_SEARCH_PATHS = (
					"$(inherited)",
					"@executable_path/Frameworks",
				);
				MARKETING_VERSION = 1.0;
				PRODUCT_BUNDLE_IDENTIFIER = com.alieren.RickAndMorty;
				PRODUCT_NAME = "$(TARGET_NAME)";
				SUPPORTED_PLATFORMS = "iphoneos iphonesimulator";
				SUPPORTS_MACCATALYST = NO;
				SUPPORTS_XR_DESIGNED_FOR_IPHONE_IPAD = NO;
				SWIFT_EMIT_LOC_STRINGS = YES;
				SWIFT_VERSION = 5.0;
				TARGETED_DEVICE_FAMILY = "1,2";
			};
			name = Debug;
		};
		311880742D20A62000B79FA4 /* Release */ = {
			isa = XCBuildConfiguration;
			buildSettings = {
				ASSETCATALOG_COMPILER_APPICON_NAME = AppIcon;
				ASSETCATALOG_COMPILER_GLOBAL_ACCENT_COLOR_NAME = AccentColor;
				CODE_SIGN_STYLE = Automatic;
				CURRENT_PROJECT_VERSION = 1;
				DEVELOPMENT_TEAM = 95J5ZJ5FVG;
				GENERATE_INFOPLIST_FILE = YES;
				INFOPLIST_FILE = RickAndMorty/Info.plist;
				INFOPLIST_KEY_UIApplicationSupportsIndirectInputEvents = YES;
				INFOPLIST_KEY_UILaunchStoryboardName = LaunchScreen;
				INFOPLIST_KEY_UIMainStoryboardFile = "";
				INFOPLIST_KEY_UISupportedInterfaceOrientations_iPad = "UIInterfaceOrientationPortrait UIInterfaceOrientationPortraitUpsideDown UIInterfaceOrientationLandscapeLeft UIInterfaceOrientationLandscapeRight";
				INFOPLIST_KEY_UISupportedInterfaceOrientations_iPhone = "UIInterfaceOrientationPortrait UIInterfaceOrientationLandscapeLeft UIInterfaceOrientationLandscapeRight";
				IPHONEOS_DEPLOYMENT_TARGET = 16.0;
				LD_RUNPATH_SEARCH_PATHS = (
					"$(inherited)",
					"@executable_path/Frameworks",
				);
				MARKETING_VERSION = 1.0;
				PRODUCT_BUNDLE_IDENTIFIER = com.alieren.RickAndMorty;
				PRODUCT_NAME = "$(TARGET_NAME)";
				SUPPORTED_PLATFORMS = "iphoneos iphonesimulator";
				SUPPORTS_MACCATALYST = NO;
				SUPPORTS_XR_DESIGNED_FOR_IPHONE_IPAD = NO;
				SWIFT_EMIT_LOC_STRINGS = YES;
				SWIFT_VERSION = 5.0;
				TARGETED_DEVICE_FAMILY = "1,2";
			};
			name = Release;
		};
		311880762D20A62000B79FA4 /* Debug */ = {
			isa = XCBuildConfiguration;
			buildSettings = {
				ALWAYS_EMBED_SWIFT_STANDARD_LIBRARIES = YES;
				BUNDLE_LOADER = "$(TEST_HOST)";
				CODE_SIGN_STYLE = Automatic;
				CURRENT_PROJECT_VERSION = 1;
				DEVELOPMENT_TEAM = 95J5ZJ5FVG;
				GENERATE_INFOPLIST_FILE = YES;
				IPHONEOS_DEPLOYMENT_TARGET = 16.0;
				MARKETING_VERSION = 1.0;
				PRODUCT_BUNDLE_IDENTIFIER = com.alieren.RickAndMortyTests;
				PRODUCT_NAME = "$(TARGET_NAME)";
				SUPPORTED_PLATFORMS = "iphoneos iphonesimulator";
				SUPPORTS_MACCATALYST = YES;
				SUPPORTS_XR_DESIGNED_FOR_IPHONE_IPAD = NO;
				SWIFT_EMIT_LOC_STRINGS = NO;
				SWIFT_VERSION = 5.0;
				TARGETED_DEVICE_FAMILY = "1,2";
				TEST_HOST = "$(BUILT_PRODUCTS_DIR)/RickAndMorty.app/$(BUNDLE_EXECUTABLE_FOLDER_PATH)/RickAndMorty";
			};
			name = Debug;
		};
		311880772D20A62000B79FA4 /* Release */ = {
			isa = XCBuildConfiguration;
			buildSettings = {
				ALWAYS_EMBED_SWIFT_STANDARD_LIBRARIES = YES;
				BUNDLE_LOADER = "$(TEST_HOST)";
				CODE_SIGN_STYLE = Automatic;
				CURRENT_PROJECT_VERSION = 1;
				DEVELOPMENT_TEAM = 95J5ZJ5FVG;
				GENERATE_INFOPLIST_FILE = YES;
				IPHONEOS_DEPLOYMENT_TARGET = 16.0;
				MARKETING_VERSION = 1.0;
				PRODUCT_BUNDLE_IDENTIFIER = com.alieren.RickAndMortyTests;
				PRODUCT_NAME = "$(TARGET_NAME)";
				SUPPORTED_PLATFORMS = "iphoneos iphonesimulator";
				SUPPORTS_MACCATALYST = YES;
				SUPPORTS_XR_DESIGNED_FOR_IPHONE_IPAD = NO;
				SWIFT_EMIT_LOC_STRINGS = NO;
				SWIFT_VERSION = 5.0;
				TARGETED_DEVICE_FAMILY = "1,2";
				TEST_HOST = "$(BUILT_PRODUCTS_DIR)/RickAndMorty.app/$(BUNDLE_EXECUTABLE_FOLDER_PATH)/RickAndMorty";
			};
			name = Release;
		};
/* End XCBuildConfiguration section */

/* Begin XCConfigurationList section */
		311880432D20A61C00B79FA4 /* Build configuration list for PBXProject "RickAndMorty" */ = {
			isa = XCConfigurationList;
			buildConfigurations = (
				311880702D20A62000B79FA4 /* Debug */,
				311880712D20A62000B79FA4 /* Release */,
			);
			defaultConfigurationIsVisible = 0;
			defaultConfigurationName = Release;
		};
		311880722D20A62000B79FA4 /* Build configuration list for PBXNativeTarget "RickAndMorty" */ = {
			isa = XCConfigurationList;
			buildConfigurations = (
				311880732D20A62000B79FA4 /* Debug */,
				311880742D20A62000B79FA4 /* Release */,
			);
			defaultConfigurationIsVisible = 0;
			defaultConfigurationName = Release;
		};
		311880752D20A62000B79FA4 /* Build configuration list for PBXNativeTarget "RickAndMortyTests" */ = {
			isa = XCConfigurationList;
			buildConfigurations = (
				311880762D20A62000B79FA4 /* Debug */,
				311880772D20A62000B79FA4 /* Release */,
			);
			defaultConfigurationIsVisible = 0;
			defaultConfigurationName = Release;
		};
/* End XCConfigurationList section */

/* Begin XCRemoteSwiftPackageReference section */
		311880C52D2154A500B79FA4 /* XCRemoteSwiftPackageReference "Alamofire" */ = {
			isa = XCRemoteSwiftPackageReference;
			repositoryURL = "https://github.com/Alamofire/Alamofire.git";
			requirement = {
				kind = exactVersion;
				version = 5.10.0;
			};
		};
		315694C42D21A2540032F3AF /* XCRemoteSwiftPackageReference "Kingfisher" */ = {
			isa = XCRemoteSwiftPackageReference;
			repositoryURL = "https://github.com/onevcat/Kingfisher.git";
			requirement = {
				kind = upToNextMajorVersion;
				minimumVersion = 8.1.3;
			};
		};
/* End XCRemoteSwiftPackageReference section */

/* Begin XCSwiftPackageProductDependency section */
		311880C62D2154A500B79FA4 /* Alamofire */ = {
			isa = XCSwiftPackageProductDependency;
			package = 311880C52D2154A500B79FA4 /* XCRemoteSwiftPackageReference "Alamofire" */;
			productName = Alamofire;
		};
		315694C52D21A2540032F3AF /* Kingfisher */ = {
			isa = XCSwiftPackageProductDependency;
			package = 315694C42D21A2540032F3AF /* XCRemoteSwiftPackageReference "Kingfisher" */;
			productName = Kingfisher;
		};
/* End XCSwiftPackageProductDependency section */
	};
	rootObject = 311880402D20A61C00B79FA4 /* Project object */;
}
